Microsoft Visual Studio Solution File, Format Version 12.00
# Visual Studio Version 17
VisualStudioVersion = 17.5.2.0
MinimumVisualStudioVersion = 10.0.40219.1
Project("{FAE04EC0-301F-11D3-BF4B-00C04F79EFBC}") = "netcore", "netcore.csproj", "{3C1F7052-969A-8E23-B5D6-35076D6EB138}"
EndProject
Global
	GlobalSection(SolutionConfigurationPlatforms) = preSolution
		Debug|Any CPU = Debug|Any CPU
		Release|Any CPU = Release|Any CPU
	EndGlobalSection
	GlobalSection(ProjectConfigurationPlatforms) = postSolution
		{3C1F7052-969A-8E23-B5D6-35076D6EB138}.Debug|Any CPU.ActiveCfg = Debug|Any CPU
		{3C1F7052-969A-8E23-B5D6-35076D6EB138}.Debug|Any CPU.Build.0 = Debug|Any CPU
		{3C1F7052-969A-8E23-B5D6-35076D6EB138}.Release|Any CPU.ActiveCfg = Release|Any CPU
		{3C1F7052-969A-8E23-B5D6-35076D6EB138}.Release|Any CPU.Build.0 = Release|Any CPU
	EndGlobalSection
	GlobalSection(SolutionProperties) = preSolution
		HideSolutionNode = FALSE
	EndGlobalSection
	GlobalSection(ExtensibilityGlobals) = postSolution
		SolutionGuid = {7DCAC692-54D4-4998-A1BB-19AD286057B9}
	EndGlobalSection
EndGlobal
